
Microsoft Visual Studio Solution File, Format Version 12.00
# Visual Studio Version 16
VisualStudioVersion = 16.0.31729.503
MinimumVisualStudioVersion = 10.0.40219.1
Project("{FAE04EC0-301F-11D3-BF4B-00C04F79EFBC}") = "PageIntro", "PageIntro\PageIntro.csproj", "{80296038-2844-4BF6-B70D-368C01243B22}"
EndProject
Global
	GlobalSection(SolutionConfigurationPlatforms) = preSolution
		Debug|Any CPU = Debug|Any CPU
		Release|Any CPU = Release|Any CPU
	EndGlobalSection
	GlobalSection(ProjectConfigurationPlatforms) = postSolution
		{80296038-2844-4BF6-B70D-368C01243B22}.Debug|Any CPU.ActiveCfg = Debug|Any CPU
		{80296038-2844-4BF6-B70D-368C01243B22}.Debug|Any CPU.Build.0 = Debug|Any CPU
		{80296038-2844-4BF6-B70D-368C01243B22}.Release|Any CPU.ActiveCfg = Release|Any CPU
		{80296038-2844-4BF6-B70D-368C01243B22}.Release|Any CPU.Build.0 = Release|Any CPU
	EndGlobalSection
	GlobalSection(SolutionProperties) = preSolution
		HideSolutionNode = FALSE
	EndGlobalSection
	GlobalSection(ExtensibilityGlobals) = postSolution
		SolutionGuid = {1516B074-FD57-4613-9C8E-EB86E183D195}
	EndGlobalSection
EndGlobal
