
Microsoft Visual Studio Solution File, Format Version 12.00
# Visual Studio Version 16
VisualStudioVersion = 16.0.31729.503
MinimumVisualStudioVersion = 10.0.40219.1
Project("{FAE04EC0-301F-11D3-BF4B-00C04F79EFBC}") = "miniShop", "miniShop\miniShop.csproj", "{6DDC86BF-E32B-4917-A350-D62FC7BE396B}"
EndProject
Global
	GlobalSection(SolutionConfigurationPlatforms) = preSolution
		Debug|Any CPU = Debug|Any CPU
		Release|Any CPU = Release|Any CPU
	EndGlobalSection
	GlobalSection(ProjectConfigurationPlatforms) = postSolution
		{6DDC86BF-E32B-4917-A350-D62FC7BE396B}.Debug|Any CPU.ActiveCfg = Debug|Any CPU
		{6DDC86BF-E32B-4917-A350-D62FC7BE396B}.Debug|Any CPU.Build.0 = Debug|Any CPU
		{6DDC86BF-E32B-4917-A350-D62FC7BE396B}.Release|Any CPU.ActiveCfg = Release|Any CPU
		{6DDC86BF-E32B-4917-A350-D62FC7BE396B}.Release|Any CPU.Build.0 = Release|Any CPU
	EndGlobalSection
	GlobalSection(SolutionProperties) = preSolution
		HideSolutionNode = FALSE
	EndGlobalSection
	GlobalSection(ExtensibilityGlobals) = postSolution
		SolutionGuid = {815F6CE1-E4F1-43A3-A19D-44CF6B7CB60C}
	EndGlobalSection
EndGlobal
